
Microsoft Visual Studio Solution File, Format Version 12.00
# Visual Studio Version 16
VisualStudioVersion = 16.0.30011.22
MinimumVisualStudioVersion = 10.0.40219.1
Project("{FAE04EC0-301F-11D3-BF4B-00C04F79EFBC}") = "UnitGems-DevSelenium.Tests", "UnitGems-DevSelenium.Tests\UnitGems-DevSelenium.Tests.csproj", "{D2036CA0-FB8E-4659-B53F-E2D92C25123F}"
EndProject
Global
	GlobalSection(SolutionConfigurationPlatforms) = preSolution
		Debug|Any CPU = Debug|Any CPU
		Release|Any CPU = Release|Any CPU
	EndGlobalSection
	GlobalSection(ProjectConfigurationPlatforms) = postSolution
		{D2036CA0-FB8E-4659-B53F-E2D92C25123F}.Debug|Any CPU.ActiveCfg = Debug|Any CPU
		{D2036CA0-FB8E-4659-B53F-E2D92C25123F}.Debug|Any CPU.Build.0 = Debug|Any CPU
		{D2036CA0-FB8E-4659-B53F-E2D92C25123F}.Release|Any CPU.ActiveCfg = Release|Any CPU
		{D2036CA0-FB8E-4659-B53F-E2D92C25123F}.Release|Any CPU.Build.0 = Release|Any CPU
	EndGlobalSection
	GlobalSection(SolutionProperties) = preSolution
		HideSolutionNode = FALSE
	EndGlobalSection
	GlobalSection(ExtensibilityGlobals) = postSolution
		SolutionGuid = {11845820-FFE2-4B0F-826C-5BEDBE2886CF}
	EndGlobalSection
EndGlobal
